// !$*UTF8*$!
{
	archiveVersion = 1;
	classes = {
	};
	objectVersion = 45;
	objects = {

/* Begin PBXBuildFile section */
		1D60589F0D05DD5A006BFB54 /* Foundation.framework in Frameworks */ = {isa = PBXBuildFile; fileRef = 1D30AB110D05D00D00671497 /* Foundation.framework */; };
		1DF5F4E00D08C38300B7A737 /* UIKit.framework in Frameworks */ = {isa = PBXBuildFile; fileRef = 1DF5F4DF0D08C38300B7A737 /* UIKit.framework */; };
		288765FD0DF74451002DB57D /* CoreGraphics.framework in Frameworks */ = {isa = PBXBuildFile; fileRef = 288765FC0DF74451002DB57D /* CoreGraphics.framework */; };
		9C3A039F11D60C850002B2A3 /* BackgroundApplication.m in Sources */ = {isa = PBXBuildFile; fileRef = 9C3A039E11D60C850002B2A3 /* BackgroundApplication.m */; };
		9C3A03A311D60CA40002B2A3 /* plan.txt in Resources */ = {isa = PBXBuildFile; fileRef = 9C3A03A211D60CA40002B2A3 /* plan.txt */; };
		9C3A052C11D659900002B2A3 /* AppDelegate.m in Sources */ = {isa = PBXBuildFile; fileRef = 9C3A052311D659900002B2A3 /* AppDelegate.m */; };
		9C3A052D11D659900002B2A3 /* ConfigurationViewController.m in Sources */ = {isa = PBXBuildFile; fileRef = 9C3A052511D659900002B2A3 /* ConfigurationViewController.m */; };
		9C3A052E11D659900002B2A3 /* main.m in Sources */ = {isa = PBXBuildFile; fileRef = 9C3A052611D659900002B2A3 /* main.m */; };
		9C3A053011D659900002B2A3 /* mouse_msgs.mm in Sources */ = {isa = PBXBuildFile; fileRef = 9C3A052911D659900002B2A3 /* mouse_msgs.mm */; };
		9C3A053111D659900002B2A3 /* SynergyClient.m in Sources */ = {isa = PBXBuildFile; fileRef = 9C3A052B11D659900002B2A3 /* SynergyClient.m */; };
		9C78CB7C11D7AF090052D313 /* Icon-57.png in Resources */ = {isa = PBXBuildFile; fileRef = 9C78CB7A11D7AF090052D313 /* Icon-57.png */; };
		9C78CB7D11D7AF090052D313 /* Icon-72.png in Resources */ = {isa = PBXBuildFile; fileRef = 9C78CB7B11D7AF090052D313 /* Icon-72.png */; };
/* End PBXBuildFile section */

/* Begin PBXFileReference section */
		1D30AB110D05D00D00671497 /* Foundation.framework */ = {isa = PBXFileReference; lastKnownFileType = wrapper.framework; name = Foundation.framework; path = System/Library/Frameworks/Foundation.framework; sourceTree = SDKROOT; };
		1D6058910D05DD3D006BFB54 /* SynergyClient.app */ = {isa = PBXFileReference; explicitFileType = wrapper.application; includeInIndex = 0; path = SynergyClient.app; sourceTree = BUILT_PRODUCTS_DIR; };
		1DF5F4DF0D08C38300B7A737 /* UIKit.framework */ = {isa = PBXFileReference; lastKnownFileType = wrapper.framework; name = UIKit.framework; path = System/Library/Frameworks/UIKit.framework; sourceTree = SDKROOT; };
		288765FC0DF74451002DB57D /* CoreGraphics.framework */ = {isa = PBXFileReference; lastKnownFileType = wrapper.framework; name = CoreGraphics.framework; path = System/Library/Frameworks/CoreGraphics.framework; sourceTree = SDKROOT; };
		9C3A039D11D60C850002B2A3 /* BackgroundApplication.h */ = {isa = PBXFileReference; fileEncoding = 5; lastKnownFileType = sourcecode.c.h; path = BackgroundApplication.h; sourceTree = "<group>"; };
		9C3A039E11D60C850002B2A3 /* BackgroundApplication.m */ = {isa = PBXFileReference; fileEncoding = 5; lastKnownFileType = sourcecode.c.objc; path = BackgroundApplication.m; sourceTree = "<group>"; };
		9C3A03A211D60CA40002B2A3 /* plan.txt */ = {isa = PBXFileReference; fileEncoding = 5; lastKnownFileType = text; path = plan.txt; sourceTree = "<group>"; };
		9C3A052211D659900002B2A3 /* AppDelegate.h */ = {isa = PBXFileReference; fileEncoding = 5; lastKnownFileType = sourcecode.c.h; path = AppDelegate.h; sourceTree = "<group>"; };
		9C3A052311D659900002B2A3 /* AppDelegate.m */ = {isa = PBXFileReference; fileEncoding = 5; lastKnownFileType = sourcecode.c.objc; path = AppDelegate.m; sourceTree = "<group>"; };
		9C3A052411D659900002B2A3 /* ConfigurationViewController.h */ = {isa = PBXFileReference; fileEncoding = 5; lastKnownFileType = sourcecode.c.h; path = ConfigurationViewController.h; sourceTree = "<group>"; };
		9C3A052511D659900002B2A3 /* ConfigurationViewController.m */ = {isa = PBXFileReference; fileEncoding = 5; lastKnownFileType = sourcecode.c.objc; path = ConfigurationViewController.m; sourceTree = "<group>"; };
		9C3A052611D659900002B2A3 /* main.m */ = {isa = PBXFileReference; fileEncoding = 5; lastKnownFileType = sourcecode.c.objc; path = main.m; sourceTree = "<group>"; };
		9C3A052711D659900002B2A3 /* Makefile */ = {isa = PBXFileReference; fileEncoding = 5; lastKnownFileType = sourcecode.make; path = Makefile; sourceTree = "<group>"; };
		9C3A052811D659900002B2A3 /* mouse_msgs.h */ = {isa = PBXFileReference; fileEncoding = 5; lastKnownFileType = sourcecode.c.h; path = mouse_msgs.h; sourceTree = "<group>"; };
		9C3A052911D659900002B2A3 /* mouse_msgs.mm */ = {isa = PBXFileReference; fileEncoding = 5; lastKnownFileType = sourcecode.cpp.objcpp; path = mouse_msgs.mm; sourceTree = "<group>"; };
		9C3A052A11D659900002B2A3 /* SynergyClient.h */ = {isa = PBXFileReference; fileEncoding = 5; lastKnownFileType = sourcecode.c.h; path = SynergyClient.h; sourceTree = "<group>"; };
		9C3A052B11D659900002B2A3 /* SynergyClient.m */ = {isa = PBXFileReference; fileEncoding = 5; lastKnownFileType = sourcecode.c.objc; path = SynergyClient.m; sourceTree = "<group>"; };
		9C3A053611D65B0E0002B2A3 /* Info.plist */ = {isa = PBXFileReference; fileEncoding = 5; lastKnownFileType = text.plist.xml; name = Info.plist; path = Resources/Info.plist; sourceTree = "<group>"; };
		9C78CB7A11D7AF090052D313 /* Icon-57.png */ = {isa = PBXFileReference; lastKnownFileType = image.png; name = "Icon-57.png"; path = "Resources/Icon-57.png"; sourceTree = "<group>"; };
		9C78CB7B11D7AF090052D313 /* Icon-72.png */ = {isa = PBXFileReference; lastKnownFileType = image.png; name = "Icon-72.png"; path = "Resources/Icon-72.png"; sourceTree = "<group>"; };
/* End PBXFileReference section */

/* Begin PBXFrameworksBuildPhase section */
		1D60588F0D05DD3D006BFB54 /* Frameworks */ = {
			isa = PBXFrameworksBuildPhase;
			buildActionMask = 2147483647;
			files = (
				1D60589F0D05DD5A006BFB54 /* Foundation.framework in Frameworks */,
				1DF5F4E00D08C38300B7A737 /* UIKit.framework in Frameworks */,
				288765FD0DF74451002DB57D /* CoreGraphics.framework in Frameworks */,
			);
			runOnlyForDeploymentPostprocessing = 0;
		};
/* End PBXFrameworksBuildPhase section */

/* Begin PBXGroup section */
		19C28FACFE9D520D11CA2CBB /* Products */ = {
			isa = PBXGroup;
			children = (
				1D6058910D05DD3D006BFB54 /* SynergyClient.app */,
			);
			name = Products;
			sourceTree = "<group>";
		};
		28EEBF621118D79A00187D67 /* Classes */ = {
			isa = PBXGroup;
			children = (
				9C3A052211D659900002B2A3 /* AppDelegate.h */,
				9C3A052311D659900002B2A3 /* AppDelegate.m */,
				9C3A052411D659900002B2A3 /* ConfigurationViewController.h */,
				9C3A052511D659900002B2A3 /* ConfigurationViewController.m */,
				9C3A052611D659900002B2A3 /* main.m */,
				9C3A052711D659900002B2A3 /* Makefile */,
				9C3A052811D659900002B2A3 /* mouse_msgs.h */,
				9C3A052911D659900002B2A3 /* mouse_msgs.mm */,
				9C3A052A11D659900002B2A3 /* SynergyClient.h */,
				9C3A052B11D659900002B2A3 /* SynergyClient.m */,
			);
			name = Classes;
			sourceTree = "<group>";
		};
		29B97314FDCFA39411CA2CEA /* CustomTemplate */ = {
			isa = PBXGroup;
			children = (
				9C3A03A211D60CA40002B2A3 /* plan.txt */,
				9C3A039C11D60C850002B2A3 /* Utilities */,
				28EEBF621118D79A00187D67 /* Classes */,
				9C78CB9811D7D0460052D313 /* Resources */,
				29B97315FDCFA39411CA2CEA /* Other Sources */,
				29B97323FDCFA39411CA2CEA /* Frameworks */,
				19C28FACFE9D520D11CA2CBB /* Products */,
			);
			name = CustomTemplate;
			sourceTree = "<group>";
		};
		29B97315FDCFA39411CA2CEA /* Other Sources */ = {
			isa = PBXGroup;
			children = (
				9C3A053611D65B0E0002B2A3 /* Info.plist */,
			);
			name = "Other Sources";
			sourceTree = "<group>";
		};
		29B97323FDCFA39411CA2CEA /* Frameworks */ = {
			isa = PBXGroup;
			children = (
				1DF5F4DF0D08C38300B7A737 /* UIKit.framework */,
				1D30AB110D05D00D00671497 /* Foundation.framework */,
				288765FC0DF74451002DB57D /* CoreGraphics.framework */,
			);
			name = Frameworks;
			sourceTree = "<group>";
		};
		9C3A039C11D60C850002B2A3 /* Utilities */ = {
			isa = PBXGroup;
			children = (
				9C3A039D11D60C850002B2A3 /* BackgroundApplication.h */,
				9C3A039E11D60C850002B2A3 /* BackgroundApplication.m */,
			);
			name = Utilities;
			path = ../Utilities;
			sourceTree = SOURCE_ROOT;
		};
		9C78CB9811D7D0460052D313 /* Resources */ = {
			isa = PBXGroup;
			children = (
				9C78CB7A11D7AF090052D313 /* Icon-57.png */,
				9C78CB7B11D7AF090052D313 /* Icon-72.png */,
			);
			name = Resources;
			sourceTree = "<group>";
		};
/* End PBXGroup section */

/* Begin PBXNativeTarget section */
		1D6058900D05DD3D006BFB54 /* SynergyClient */ = {
			isa = PBXNativeTarget;
			buildConfigurationList = 1D6058960D05DD3E006BFB54 /* Build configuration list for PBXNativeTarget "SynergyClient" */;
			buildPhases = (
				1D60588D0D05DD3D006BFB54 /* Resources */,
				1D60588E0D05DD3D006BFB54 /* Sources */,
				1D60588F0D05DD3D006BFB54 /* Frameworks */,
			);
			buildRules = (
			);
			dependencies = (
			);
			name = SynergyClient;
			productName = SynergyClient;
			productReference = 1D6058910D05DD3D006BFB54 /* SynergyClient.app */;
			productType = "com.apple.product-type.application";
		};
/* End PBXNativeTarget section */

/* Begin PBXProject section */
		29B97313FDCFA39411CA2CEA /* Project object */ = {
			isa = PBXProject;
			buildConfigurationList = C01FCF4E08A954540054247B /* Build configuration list for PBXProject "SynergyClient" */;
			compatibilityVersion = "Xcode 3.1";
			developmentRegion = English;
			hasScannedForEncodings = 1;
			knownRegions = (
				English,
				Japanese,
				French,
				German,
			);
			mainGroup = 29B97314FDCFA39411CA2CEA /* CustomTemplate */;
			projectDirPath = "";
			projectRoot = "";
			targets = (
				1D6058900D05DD3D006BFB54 /* SynergyClient */,
			);
		};
/* End PBXProject section */

/* Begin PBXResourcesBuildPhase section */
		1D60588D0D05DD3D006BFB54 /* Resources */ = {
			isa = PBXResourcesBuildPhase;
			buildActionMask = 2147483647;
			files = (
				9C3A03A311D60CA40002B2A3 /* plan.txt in Resources */,
				9C78CB7C11D7AF090052D313 /* Icon-57.png in Resources */,
				9C78CB7D11D7AF090052D313 /* Icon-72.png in Resources */,
			);
			runOnlyForDeploymentPostprocessing = 0;
		};
/* End PBXResourcesBuildPhase section */

/* Begin PBXSourcesBuildPhase section */
		1D60588E0D05DD3D006BFB54 /* Sources */ = {
			isa = PBXSourcesBuildPhase;
			buildActionMask = 2147483647;
			files = (
				9C3A039F11D60C850002B2A3 /* BackgroundApplication.m in Sources */,
				9C3A052C11D659900002B2A3 /* AppDelegate.m in Sources */,
				9C3A052D11D659900002B2A3 /* ConfigurationViewController.m in Sources */,
				9C3A052E11D659900002B2A3 /* main.m in Sources */,
				9C3A053011D659900002B2A3 /* mouse_msgs.mm in Sources */,
				9C3A053111D659900002B2A3 /* SynergyClient.m in Sources */,
			);
			runOnlyForDeploymentPostprocessing = 0;
		};
/* End PBXSourcesBuildPhase section */

/* Begin XCBuildConfiguration section */
		1D6058940D05DD3E006BFB54 /* Debug */ = {
			isa = XCBuildConfiguration;
			buildSettings = {
				ALWAYS_SEARCH_USER_PATHS = NO;
				COPY_PHASE_STRIP = NO;
				GCC_DYNAMIC_NO_PIC = NO;
				GCC_OPTIMIZATION_LEVEL = 0;
				GCC_PRECOMPILE_PREFIX_HEADER = YES;
				GCC_PREFIX_HEADER = SynergyClient_Prefix.pch;
				INFOPLIST_FILE = Resources/Info.plist;
				PRODUCT_NAME = SynergyClient;
			};
			name = Debug;
		};
		1D6058950D05DD3E006BFB54 /* Release */ = {
			isa = XCBuildConfiguration;
			buildSettings = {
				ALWAYS_SEARCH_USER_PATHS = NO;
				COPY_PHASE_STRIP = YES;
				GCC_PRECOMPILE_PREFIX_HEADER = YES;
				GCC_PREFIX_HEADER = SynergyClient_Prefix.pch;
				INFOPLIST_FILE = Resources/Info.plist;
				PRODUCT_NAME = SynergyClient;
				VALIDATE_PRODUCT = YES;
			};
			name = Release;
		};
		C01FCF4F08A954540054247B /* Debug */ = {
			isa = XCBuildConfiguration;
			buildSettings = {
				ARCHS = "$(ARCHS_UNIVERSAL_IPHONE_OS)";
				"CODE_SIGN_IDENTITY[sdk=iphoneos*]" = "iPhone Developer";
				GCC_C_LANGUAGE_STANDARD = c99;
				GCC_WARN_ABOUT_RETURN_TYPE = YES;
				GCC_WARN_UNUSED_VARIABLE = YES;
				INFOPLIST_FILE = Resources/Info.plist;
				IPHONEOS_DEPLOYMENT_TARGET = 3.0;
				PREBINDING = NO;
				SDKROOT = iphoneos3.2;
				TARGETED_DEVICE_FAMILY = "1,2";
			};
			name = Debug;
		};
		C01FCF5008A954540054247B /* Release */ = {
			isa = XCBuildConfiguration;
			buildSettings = {
				ARCHS = "$(ARCHS_UNIVERSAL_IPHONE_OS)";
				"CODE_SIGN_IDENTITY[sdk=iphoneos*]" = "iPhone Developer";
				GCC_C_LANGUAGE_STANDARD = c99;
				GCC_WARN_ABOUT_RETURN_TYPE = YES;
				GCC_WARN_UNUSED_VARIABLE = YES;
				IPHONEOS_DEPLOYMENT_TARGET = 3.0;
				OTHER_CFLAGS = "-DNS_BLOCK_ASSERTIONS=1";
				PREBINDING = NO;
				SDKROOT = iphoneos3.2;
				TARGETED_DEVICE_FAMILY = "1,2";
			};
			name = Release;
		};
/* End XCBuildConfiguration section */

/* Begin XCConfigurationList section */
		1D6058960D05DD3E006BFB54 /* Build configuration list for PBXNativeTarget "SynergyClient" */ = {
			isa = XCConfigurationList;
			buildConfigurations = (
				1D6058940D05DD3E006BFB54 /* Debug */,
				1D6058950D05DD3E006BFB54 /* Release */,
			);
			defaultConfigurationIsVisible = 0;
			defaultConfigurationName = Release;
		};
		C01FCF4E08A954540054247B /* Build configuration list for PBXProject "SynergyClient" */ = {
			isa = XCConfigurationList;
			buildConfigurations = (
				C01FCF4F08A954540054247B /* Debug */,
				C01FCF5008A954540054247B /* Release */,
			);
			defaultConfigurationIsVisible = 0;
			defaultConfigurationName = Release;
		};
/* End XCConfigurationList section */
	};
	rootObject = 29B97313FDCFA39411CA2CEA /* Project object */;
}
